// !$*UTF8*$!
{
	archiveVersion = 1;
	classes = {
	};
	objectVersion = 77;
	objects = {

/* Begin PBXBuildFile section */
		09C2B977E0529C4FCFAAEB7A /* WidgetModels.swift in Sources */ = {isa = PBXBuildFile; fileRef = AEC85BBFFC2C48C2AE4CAF20 /* WidgetModels.swift */; };
		36923555AA4CE88E2ABCE39E /* SharedStore.swift in Sources */ = {isa = PBXBuildFile; fileRef = A4332C45A7586866F31DF738 /* SharedStore.swift */; };
		4DBEBCEBAA545E5FDD5DFCAD /* ChikotaWidget.appex in Embed Foundation Extensions */ = {isa = PBXBuildFile; fileRef = AD1A2AC08AFF5267CB9CAC0D /* ChikotaWidget.appex */; settings = {ATTRIBUTES = (RemoveHeadersOnCopy, ); }; };
		7062C6EB2541B0628C2DBB4A /* Assets.xcassets in Resources */ = {isa = PBXBuildFile; fileRef = 2E9E7CA41CE40176B4715A05 /* Assets.xcassets */; };
		9BA2532FBAD895A505BC7656 /* SyncManager.swift in Sources */ = {isa = PBXBuildFile; fileRef = 9A8FF2132C70ED8B34F04420 /* SyncManager.swift */; };
		9C74DCCC579F507CD373A81A /* KeychainToken.swift in Sources */ = {isa = PBXBuildFile; fileRef = A520BA8A337C56B8C2D8A7AF /* KeychainToken.swift */; };
		B7C6A189C6E25F3BEA00CA36 /* WidgetModels.swift in Sources */ = {isa = PBXBuildFile; fileRef = AEC85BBFFC2C48C2AE4CAF20 /* WidgetModels.swift */; };
		C481040CDBEDAE6C94C703BC /* BrowserRouter.swift in Sources */ = {isa = PBXBuildFile; fileRef = B3617639EE85F6BC5764A323 /* BrowserRouter.swift */; };
		D505AFA94192FCB39CA6CDD4 /* ContentView.swift in Sources */ = {isa = PBXBuildFile; fileRef = C54517F3076F2FCDEDB21978 /* ContentView.swift */; };
		D9AEB3DC2101765C4180AF8B /* ChikotaWidget.swift in Sources */ = {isa = PBXBuildFile; fileRef = B3D3CD83948AB6FA4E6B4213 /* ChikotaWidget.swift */; };
		F91A30EBDA6B37B1D6689932 /* SharedStore.swift in Sources */ = {isa = PBXBuildFile; fileRef = A4332C45A7586866F31DF738 /* SharedStore.swift */; };
		FE2F9464AE5517BDEFCC1D91 /* ChikotaApp.swift in Sources */ = {isa = PBXBuildFile; fileRef = E34A096DACCE9C36DE00CB05 /* ChikotaApp.swift */; };
/* End PBXBuildFile section */

/* Begin PBXContainerItemProxy section */
		B921AA59A5277DF9AF612699 /* PBXContainerItemProxy */ = {
			isa = PBXContainerItemProxy;
			containerPortal = D2A36E7DF58F1BF19B220F41 /* Project object */;
			proxyType = 1;
			remoteGlobalIDString = EA9C710E8283A5EF9BD28826;
			remoteInfo = ChikotaWidget;
		};
/* End PBXContainerItemProxy section */

/* Begin PBXCopyFilesBuildPhase section */
		6774E20602FC3ED96CD61541 /* Embed Foundation Extensions */ = {
			isa = PBXCopyFilesBuildPhase;
			buildActionMask = 2147483647;
			dstPath = "";
			dstSubfolderSpec = 13;
			files = (
				4DBEBCEBAA545E5FDD5DFCAD /* ChikotaWidget.appex in Embed Foundation Extensions */,
			);
			name = "Embed Foundation Extensions";
			runOnlyForDeploymentPostprocessing = 0;
		};
/* End PBXCopyFilesBuildPhase section */

/* Begin PBXFileReference section */
		2E9E7CA41CE40176B4715A05 /* Assets.xcassets */ = {isa = PBXFileReference; lastKnownFileType = folder.assetcatalog; path = Assets.xcassets; sourceTree = "<group>"; };
		3DF08A8947DBA7C5EC1B95B5 /* Chikota.app */ = {isa = PBXFileReference; explicitFileType = wrapper.application; includeInIndex = 0; path = Chikota.app; sourceTree = BUILT_PRODUCTS_DIR; };
		7789955D7E4299BEEC34DBFD /* Info.plist */ = {isa = PBXFileReference; lastKnownFileType = text.plist; path = Info.plist; sourceTree = "<group>"; };
		7E14864B0677BFBD4A222AC0 /* Info.plist */ = {isa = PBXFileReference; lastKnownFileType = text.plist; path = Info.plist; sourceTree = "<group>"; };
		817EDF12790717180ED0F911 /* ChikotaWidget.entitlements */ = {isa = PBXFileReference; lastKnownFileType = text.plist.entitlements; path = ChikotaWidget.entitlements; sourceTree = "<group>"; };
		9A8FF2132C70ED8B34F04420 /* SyncManager.swift */ = {isa = PBXFileReference; lastKnownFileType = sourcecode.swift; path = SyncManager.swift; sourceTree = "<group>"; };
		A4332C45A7586866F31DF738 /* SharedStore.swift */ = {isa = PBXFileReference; lastKnownFileType = sourcecode.swift; path = SharedStore.swift; sourceTree = "<group>"; };
		A520BA8A337C56B8C2D8A7AF /* KeychainToken.swift */ = {isa = PBXFileReference; lastKnownFileType = sourcecode.swift; path = KeychainToken.swift; sourceTree = "<group>"; };
		AD1A2AC08AFF5267CB9CAC0D /* ChikotaWidget.appex */ = {isa = PBXFileReference; explicitFileType = "wrapper.app-extension"; includeInIndex = 0; path = ChikotaWidget.appex; sourceTree = BUILT_PRODUCTS_DIR; };
		AEC85BBFFC2C48C2AE4CAF20 /* WidgetModels.swift */ = {isa = PBXFileReference; lastKnownFileType = sourcecode.swift; path = WidgetModels.swift; sourceTree = "<group>"; };
		B3617639EE85F6BC5764A323 /* BrowserRouter.swift */ = {isa = PBXFileReference; lastKnownFileType = sourcecode.swift; path = BrowserRouter.swift; sourceTree = "<group>"; };
		B3D3CD83948AB6FA4E6B4213 /* ChikotaWidget.swift */ = {isa = PBXFileReference; lastKnownFileType = sourcecode.swift; path = ChikotaWidget.swift; sourceTree = "<group>"; };
		C54517F3076F2FCDEDB21978 /* ContentView.swift */ = {isa = PBXFileReference; lastKnownFileType = sourcecode.swift; path = ContentView.swift; sourceTree = "<group>"; };
		E34A096DACCE9C36DE00CB05 /* ChikotaApp.swift */ = {isa = PBXFileReference; lastKnownFileType = sourcecode.swift; path = ChikotaApp.swift; sourceTree = "<group>"; };
		ECE425A4FE8635502478673C /* Chikota.entitlements */ = {isa = PBXFileReference; lastKnownFileType = text.plist.entitlements; path = Chikota.entitlements; sourceTree = "<group>"; };
/* End PBXFileReference section */

/* Begin PBXGroup section */
		1F24ABFEE976747D6576B8C1 = {
			isa = PBXGroup;
			children = (
				462DBBC522025F7440AFF813 /* Chikota */,
				EFE52CDC5BE84623B816EF05 /* ChikotaWidget */,
				FD867ABCC7C32A56E22E1FA5 /* Shared */,
				7DD3F7B90C79B64C27233C6C /* Products */,
			);
			sourceTree = "<group>";
		};
		462DBBC522025F7440AFF813 /* Chikota */ = {
			isa = PBXGroup;
			children = (
				2E9E7CA41CE40176B4715A05 /* Assets.xcassets */,
				B3617639EE85F6BC5764A323 /* BrowserRouter.swift */,
				ECE425A4FE8635502478673C /* Chikota.entitlements */,
				E34A096DACCE9C36DE00CB05 /* ChikotaApp.swift */,
				C54517F3076F2FCDEDB21978 /* ContentView.swift */,
				7E14864B0677BFBD4A222AC0 /* Info.plist */,
				A520BA8A337C56B8C2D8A7AF /* KeychainToken.swift */,
				9A8FF2132C70ED8B34F04420 /* SyncManager.swift */,
			);
			path = Chikota;
			sourceTree = "<group>";
		};
		7DD3F7B90C79B64C27233C6C /* Products */ = {
			isa = PBXGroup;
			children = (
				3DF08A8947DBA7C5EC1B95B5 /* Chikota.app */,
				AD1A2AC08AFF5267CB9CAC0D /* ChikotaWidget.appex */,
			);
			name = Products;
			sourceTree = "<group>";
		};
		EFE52CDC5BE84623B816EF05 /* ChikotaWidget */ = {
			isa = PBXGroup;
			children = (
				817EDF12790717180ED0F911 /* ChikotaWidget.entitlements */,
				B3D3CD83948AB6FA4E6B4213 /* ChikotaWidget.swift */,
				7789955D7E4299BEEC34DBFD /* Info.plist */,
			);
			path = ChikotaWidget;
			sourceTree = "<group>";
		};
		FD867ABCC7C32A56E22E1FA5 /* Shared */ = {
			isa = PBXGroup;
			children = (
				A4332C45A7586866F31DF738 /* SharedStore.swift */,
				AEC85BBFFC2C48C2AE4CAF20 /* WidgetModels.swift */,
			);
			path = Shared;
			sourceTree = "<group>";
		};
/* End PBXGroup section */

/* Begin PBXNativeTarget section */
		24713CFD1A7CF9882A5AC742 /* Chikota */ = {
			isa = PBXNativeTarget;
			buildConfigurationList = C292652726FA490A121384FF /* Build configuration list for PBXNativeTarget "Chikota" */;
			buildPhases = (
				C1DCAEE8E5C1E0A6C8B30F6C /* Sources */,
				4B228E26805BAA33142910AB /* Resources */,
				6774E20602FC3ED96CD61541 /* Embed Foundation Extensions */,
			);
			buildRules = (
			);
			dependencies = (
				DCE7347DB2F81BBC4C7E0B3B /* PBXTargetDependency */,
			);
			name = Chikota;
			packageProductDependencies = (
			);
			productName = Chikota;
			productReference = 3DF08A8947DBA7C5EC1B95B5 /* Chikota.app */;
			productType = "com.apple.product-type.application";
		};
		EA9C710E8283A5EF9BD28826 /* ChikotaWidget */ = {
			isa = PBXNativeTarget;
			buildConfigurationList = 3D7CCD123A881ED4C98A8121 /* Build configuration list for PBXNativeTarget "ChikotaWidget" */;
			buildPhases = (
				13AFC17C69C621404F276D95 /* Sources */,
			);
			buildRules = (
			);
			dependencies = (
			);
			name = ChikotaWidget;
			packageProductDependencies = (
			);
			productName = ChikotaWidget;
			productReference = AD1A2AC08AFF5267CB9CAC0D /* ChikotaWidget.appex */;
			productType = "com.apple.product-type.app-extension";
		};
/* End PBXNativeTarget section */

/* Begin PBXProject section */
		D2A36E7DF58F1BF19B220F41 /* Project object */ = {
			isa = PBXProject;
			attributes = {
				BuildIndependentTargetsInParallel = YES;
				LastUpgradeCheck = 1430;
				TargetAttributes = {
					24713CFD1A7CF9882A5AC742 = {
						ProvisioningStyle = Automatic;
					};
					EA9C710E8283A5EF9BD28826 = {
						ProvisioningStyle = Automatic;
					};
				};
			};
			buildConfigurationList = 877A9FEB8D74A8F494F84591 /* Build configuration list for PBXProject "Chikota" */;
			developmentRegion = en;
			hasScannedForEncodings = 0;
			knownRegions = (
				Base,
				en,
			);
			mainGroup = 1F24ABFEE976747D6576B8C1;
			minimizedProjectReferenceProxies = 1;
			preferredProjectObjectVersion = 77;
			productRefGroup = 7DD3F7B90C79B64C27233C6C /* Products */;
			projectDirPath = "";
			projectRoot = "";
			targets = (
				24713CFD1A7CF9882A5AC742 /* Chikota */,
				EA9C710E8283A5EF9BD28826 /* ChikotaWidget */,
			);
		};
/* End PBXProject section */

/* Begin PBXResourcesBuildPhase section */
		4B228E26805BAA33142910AB /* Resources */ = {
			isa = PBXResourcesBuildPhase;
			buildActionMask = 2147483647;
			files = (
				7062C6EB2541B0628C2DBB4A /* Assets.xcassets in Resources */,
			);
			runOnlyForDeploymentPostprocessing = 0;
		};
/* End PBXResourcesBuildPhase section */

/* Begin PBXSourcesBuildPhase section */
		13AFC17C69C621404F276D95 /* Sources */ = {
			isa = PBXSourcesBuildPhase;
			buildActionMask = 2147483647;
			files = (
				D9AEB3DC2101765C4180AF8B /* ChikotaWidget.swift in Sources */,
				36923555AA4CE88E2ABCE39E /* SharedStore.swift in Sources */,
				09C2B977E0529C4FCFAAEB7A /* WidgetModels.swift in Sources */,
			);
			runOnlyForDeploymentPostprocessing = 0;
		};
		C1DCAEE8E5C1E0A6C8B30F6C /* Sources */ = {
			isa = PBXSourcesBuildPhase;
			buildActionMask = 2147483647;
			files = (
				C481040CDBEDAE6C94C703BC /* BrowserRouter.swift in Sources */,
				FE2F9464AE5517BDEFCC1D91 /* ChikotaApp.swift in Sources */,
				D505AFA94192FCB39CA6CDD4 /* ContentView.swift in Sources */,
				9C74DCCC579F507CD373A81A /* KeychainToken.swift in Sources */,
				F91A30EBDA6B37B1D6689932 /* SharedStore.swift in Sources */,
				9BA2532FBAD895A505BC7656 /* SyncManager.swift in Sources */,
				B7C6A189C6E25F3BEA00CA36 /* WidgetModels.swift in Sources */,
			);
			runOnlyForDeploymentPostprocessing = 0;
		};
/* End PBXSourcesBuildPhase section */

/* Begin PBXTargetDependency section */
		DCE7347DB2F81BBC4C7E0B3B /* PBXTargetDependency */ = {
			isa = PBXTargetDependency;
			target = EA9C710E8283A5EF9BD28826 /* ChikotaWidget */;
			targetProxy = B921AA59A5277DF9AF612699 /* PBXContainerItemProxy */;
		};
/* End PBXTargetDependency section */

/* Begin XCBuildConfiguration section */
		1FFB6B6C64C3573600736E6B /* Debug */ = {
			isa = XCBuildConfiguration;
			buildSettings = {
				ALWAYS_SEARCH_USER_PATHS = NO;
				CLANG_ANALYZER_NONNULL = YES;
				CLANG_ANALYZER_NUMBER_OBJECT_CONVERSION = YES_AGGRESSIVE;
				CLANG_CXX_LANGUAGE_STANDARD = "gnu++14";
				CLANG_CXX_LIBRARY = "libc++";
				CLANG_ENABLE_MODULES = YES;
				CLANG_ENABLE_OBJC_ARC = YES;
				CLANG_ENABLE_OBJC_WEAK = YES;
				CLANG_WARN_BLOCK_CAPTURE_AUTORELEASING = YES;
				CLANG_WARN_BOOL_CONVERSION = YES;
				CLANG_WARN_COMMA = YES;
				CLANG_WARN_CONSTANT_CONVERSION = YES;
				CLANG_WARN_DEPRECATED_OBJC_IMPLEMENTATIONS = YES;
				CLANG_WARN_DIRECT_OBJC_ISA_USAGE = YES_ERROR;
				CLANG_WARN_DOCUMENTATION_COMMENTS = YES;
				CLANG_WARN_EMPTY_BODY = YES;
				CLANG_WARN_ENUM_CONVERSION = YES;
				CLANG_WARN_INFINITE_RECURSION = YES;
				CLANG_WARN_INT_CONVERSION = YES;
				CLANG_WARN_NON_LITERAL_NULL_CONVERSION = YES;
				CLANG_WARN_OBJC_IMPLICIT_RETAIN_SELF = YES;
				CLANG_WARN_OBJC_LITERAL_CONVERSION = YES;
				CLANG_WARN_OBJC_ROOT_CLASS = YES_ERROR;
				CLANG_WARN_QUOTED_INCLUDE_IN_FRAMEWORK_HEADER = YES;
				CLANG_WARN_RANGE_LOOP_ANALYSIS = YES;
				CLANG_WARN_STRICT_PROTOTYPES = YES;
				CLANG_WARN_SUSPICIOUS_MOVE = YES;
				CLANG_WARN_UNGUARDED_AVAILABILITY = YES_AGGRESSIVE;
				CLANG_WARN_UNREACHABLE_CODE = YES;
				CLANG_WARN__DUPLICATE_METHOD_MATCH = YES;
				CODE_SIGN_STYLE = Automatic;
				COPY_PHASE_STRIP = NO;
				DEBUG_INFORMATION_FORMAT = dwarf;
				ENABLE_STRICT_OBJC_MSGSEND = YES;
				ENABLE_TESTABILITY = YES;
				GCC_C_LANGUAGE_STANDARD = gnu11;
				GCC_DYNAMIC_NO_PIC = NO;
				GCC_NO_COMMON_BLOCKS = YES;
				GCC_OPTIMIZATION_LEVEL = 0;
				GCC_PREPROCESSOR_DEFINITIONS = (
					"$(inherited)",
					"DEBUG=1",
				);
				GCC_WARN_64_TO_32_BIT_CONVERSION = YES;
				GCC_WARN_ABOUT_RETURN_TYPE = YES_ERROR;
				GCC_WARN_UNDECLARED_SELECTOR = YES;
				GCC_WARN_UNINITIALIZED_AUTOS = YES_AGGRESSIVE;
				GCC_WARN_UNUSED_FUNCTION = YES;
				GCC_WARN_UNUSED_VARIABLE = YES;
				MACOSX_DEPLOYMENT_TARGET = 14.0;
				MTL_ENABLE_DEBUG_INFO = INCLUDE_SOURCE;
				MTL_FAST_MATH = YES;
				ONLY_ACTIVE_ARCH = YES;
				PRODUCT_NAME = "$(TARGET_NAME)";
				SDKROOT = macosx;
				SWIFT_ACTIVE_COMPILATION_CONDITIONS = DEBUG;
				SWIFT_OPTIMIZATION_LEVEL = "-Onone";
				SWIFT_VERSION = 6.0;
			};
			name = Debug;
		};
		3AF5AB7E8DC4027F552542CC /* Release */ = {
			isa = XCBuildConfiguration;
			buildSettings = {
				ALWAYS_SEARCH_USER_PATHS = NO;
				CLANG_ANALYZER_NONNULL = YES;
				CLANG_ANALYZER_NUMBER_OBJECT_CONVERSION = YES_AGGRESSIVE;
				CLANG_CXX_LANGUAGE_STANDARD = "gnu++14";
				CLANG_CXX_LIBRARY = "libc++";
				CLANG_ENABLE_MODULES = YES;
				CLANG_ENABLE_OBJC_ARC = YES;
				CLANG_ENABLE_OBJC_WEAK = YES;
				CLANG_WARN_BLOCK_CAPTURE_AUTORELEASING = YES;
				CLANG_WARN_BOOL_CONVERSION = YES;
				CLANG_WARN_COMMA = YES;
				CLANG_WARN_CONSTANT_CONVERSION = YES;
				CLANG_WARN_DEPRECATED_OBJC_IMPLEMENTATIONS = YES;
				CLANG_WARN_DIRECT_OBJC_ISA_USAGE = YES_ERROR;
				CLANG_WARN_DOCUMENTATION_COMMENTS = YES;
				CLANG_WARN_EMPTY_BODY = YES;
				CLANG_WARN_ENUM_CONVERSION = YES;
				CLANG_WARN_INFINITE_RECURSION = YES;
				CLANG_WARN_INT_CONVERSION = YES;
				CLANG_WARN_NON_LITERAL_NULL_CONVERSION = YES;
				CLANG_WARN_OBJC_IMPLICIT_RETAIN_SELF = YES;
				CLANG_WARN_OBJC_LITERAL_CONVERSION = YES;
				CLANG_WARN_OBJC_ROOT_CLASS = YES_ERROR;
				CLANG_WARN_QUOTED_INCLUDE_IN_FRAMEWORK_HEADER = YES;
				CLANG_WARN_RANGE_LOOP_ANALYSIS = YES;
				CLANG_WARN_STRICT_PROTOTYPES = YES;
				CLANG_WARN_SUSPICIOUS_MOVE = YES;
				CLANG_WARN_UNGUARDED_AVAILABILITY = YES_AGGRESSIVE;
				CLANG_WARN_UNREACHABLE_CODE = YES;
				CLANG_WARN__DUPLICATE_METHOD_MATCH = YES;
				CODE_SIGN_STYLE = Automatic;
				COPY_PHASE_STRIP = NO;
				DEBUG_INFORMATION_FORMAT = "dwarf-with-dsym";
				ENABLE_NS_ASSERTIONS = NO;
				ENABLE_STRICT_OBJC_MSGSEND = YES;
				GCC_C_LANGUAGE_STANDARD = gnu11;
				GCC_NO_COMMON_BLOCKS = YES;
				GCC_WARN_64_TO_32_BIT_CONVERSION = YES;
				GCC_WARN_ABOUT_RETURN_TYPE = YES_ERROR;
				GCC_WARN_UNDECLARED_SELECTOR = YES;
				GCC_WARN_UNINITIALIZED_AUTOS = YES_AGGRESSIVE;
				GCC_WARN_UNUSED_FUNCTION = YES;
				GCC_WARN_UNUSED_VARIABLE = YES;
				MACOSX_DEPLOYMENT_TARGET = 14.0;
				MTL_ENABLE_DEBUG_INFO = NO;
				MTL_FAST_MATH = YES;
				PRODUCT_NAME = "$(TARGET_NAME)";
				SDKROOT = macosx;
				SWIFT_COMPILATION_MODE = wholemodule;
				SWIFT_OPTIMIZATION_LEVEL = "-O";
				SWIFT_VERSION = 6.0;
			};
			name = Release;
		};
		4147BA0DFE6EC40253A9183D /* Debug */ = {
			isa = XCBuildConfiguration;
			buildSettings = {
				CODE_SIGN_ENTITLEMENTS = ChikotaWidget/ChikotaWidget.entitlements;
				COMBINE_HIDPI_IMAGES = YES;
				INFOPLIST_FILE = ChikotaWidget/Info.plist;
				LD_RUNPATH_SEARCH_PATHS = (
					"$(inherited)",
					"@executable_path/../Frameworks",
					"@executable_path/../../../../Frameworks",
				);
				PRODUCT_BUNDLE_IDENTIFIER = com.chikota.ChikotaWidget;
				SDKROOT = macosx;
			};
			name = Debug;
		};
		46A559C96B266C5BD0543704 /* Release */ = {
			isa = XCBuildConfiguration;
			buildSettings = {
				CODE_SIGN_ENTITLEMENTS = ChikotaWidget/ChikotaWidget.entitlements;
				COMBINE_HIDPI_IMAGES = YES;
				INFOPLIST_FILE = ChikotaWidget/Info.plist;
				LD_RUNPATH_SEARCH_PATHS = (
					"$(inherited)",
					"@executable_path/../Frameworks",
					"@executable_path/../../../../Frameworks",
				);
				PRODUCT_BUNDLE_IDENTIFIER = com.chikota.ChikotaWidget;
				SDKROOT = macosx;
			};
			name = Release;
		};
		74FF3B2C2CD8D9C47A899102 /* Debug */ = {
			isa = XCBuildConfiguration;
			buildSettings = {
				ASSETCATALOG_COMPILER_APPICON_NAME = AppIcon;
				CODE_SIGN_ENTITLEMENTS = Chikota/Chikota.entitlements;
				COMBINE_HIDPI_IMAGES = YES;
				INFOPLIST_FILE = Chikota/Info.plist;
				LD_RUNPATH_SEARCH_PATHS = (
					"$(inherited)",
					"@executable_path/../Frameworks",
				);
				PRODUCT_BUNDLE_IDENTIFIER = com.chikota.Chikota;
				SDKROOT = macosx;
			};
			name = Debug;
		};
		752C3A6019E0CD22C1D0AA8B /* Release */ = {
			isa = XCBuildConfiguration;
			buildSettings = {
				ASSETCATALOG_COMPILER_APPICON_NAME = AppIcon;
				CODE_SIGN_ENTITLEMENTS = Chikota/Chikota.entitlements;
				COMBINE_HIDPI_IMAGES = YES;
				INFOPLIST_FILE = Chikota/Info.plist;
				LD_RUNPATH_SEARCH_PATHS = (
					"$(inherited)",
					"@executable_path/../Frameworks",
				);
				PRODUCT_BUNDLE_IDENTIFIER = com.chikota.Chikota;
				SDKROOT = macosx;
			};
			name = Release;
		};
/* End XCBuildConfiguration section */

/* Begin XCConfigurationList section */
		3D7CCD123A881ED4C98A8121 /* Build configuration list for PBXNativeTarget "ChikotaWidget" */ = {
			isa = XCConfigurationList;
			buildConfigurations = (
				4147BA0DFE6EC40253A9183D /* Debug */,
				46A559C96B266C5BD0543704 /* Release */,
			);
			defaultConfigurationIsVisible = 0;
			defaultConfigurationName = Debug;
		};
		877A9FEB8D74A8F494F84591 /* Build configuration list for PBXProject "Chikota" */ = {
			isa = XCConfigurationList;
			buildConfigurations = (
				1FFB6B6C64C3573600736E6B /* Debug */,
				3AF5AB7E8DC4027F552542CC /* Release */,
			);
			defaultConfigurationIsVisible = 0;
			defaultConfigurationName = Debug;
		};
		C292652726FA490A121384FF /* Build configuration list for PBXNativeTarget "Chikota" */ = {
			isa = XCConfigurationList;
			buildConfigurations = (
				74FF3B2C2CD8D9C47A899102 /* Debug */,
				752C3A6019E0CD22C1D0AA8B /* Release */,
			);
			defaultConfigurationIsVisible = 0;
			defaultConfigurationName = Debug;
		};
/* End XCConfigurationList section */
	};
	rootObject = D2A36E7DF58F1BF19B220F41 /* Project object */;
}
